
Microsoft Visual Studio Solution File, Format Version 12.00
# Visual Studio 15
VisualStudioVersion = 15.0.28307.572
MinimumVisualStudioVersion = 10.0.40219.1
Project("{8BC9CEB8-8B4A-11D0-8D11-00A0C91BC942}") = "bigint", "bigint\bigint.vcxproj", "{173A19BD-BE1E-484E-952E-59E70706499E}"
EndProject
Project("{8BC9CEB8-8B4A-11D0-8D11-00A0C91BC942}") = "RSA", "RSA\RSA.vcxproj", "{AE1B1724-B3F8-4412-AA03-CD3D59DAE5FC}"
EndProject
Project("{8BC9CEB8-8B4A-11D0-8D11-00A0C91BC942}") = "UnitTest", "UnitTest\UnitTest.vcxproj", "{7A522C8C-F083-47AC-8468-B745BB676B4C}"
EndProject
Project("{8BC9CEB8-8B4A-11D0-8D11-00A0C91BC942}") = "GUI", "GUI\GUI.vcxproj", "{DDB3187B-938D-3B4B-BDAE-B9575ADFA8AD}"
EndProject
Project("{8BC9CEB8-8B4A-11D0-8D11-00A0C91BC942}") = "Hash", "Hash\Hash.vcxproj", "{13223714-0799-40DF-9DCF-AC8F5696F66E}"
EndProject
Project("{8BC9CEB8-8B4A-11D0-8D11-00A0C91BC942}") = "DES", "DES\DES.vcxproj", "{079C9043-1EC1-4F1C-8238-DCA7716ED0FB}"
EndProject
Project("{8BC9CEB8-8B4A-11D0-8D11-00A0C91BC942}") = "ECC", "ECC\ECC.vcxproj", "{D47309F6-A891-4CE2-92A3-571CAB1650D0}"
EndProject
Project("{8BC9CEB8-8B4A-11D0-8D11-00A0C91BC942}") = "AES", "AES\AES.vcxproj", "{AB41A9E9-B306-43CB-AABA-15761EF76660}"
EndProject
Project("{2150E333-8FDC-42A3-9474-1A3956D46DE8}") = "Solution Items", "Solution Items", "{58F22902-13CF-432C-9CF5-A317CB6F988A}"
	ProjectSection(SolutionItems) = preProject
		.clang-format = .clang-format
	EndProjectSection
EndProject
Global
	GlobalSection(SolutionConfigurationPlatforms) = preSolution
		Debug|x64 = Debug|x64
		Debug|x86 = Debug|x86
		Release|x64 = Release|x64
		Release|x86 = Release|x86
	EndGlobalSection
	GlobalSection(ProjectConfigurationPlatforms) = postSolution
		{173A19BD-BE1E-484E-952E-59E70706499E}.Debug|x64.ActiveCfg = Debug|x64
		{173A19BD-BE1E-484E-952E-59E70706499E}.Debug|x64.Build.0 = Debug|x64
		{173A19BD-BE1E-484E-952E-59E70706499E}.Debug|x86.ActiveCfg = Debug|Win32
		{173A19BD-BE1E-484E-952E-59E70706499E}.Debug|x86.Build.0 = Debug|Win32
		{173A19BD-BE1E-484E-952E-59E70706499E}.Release|x64.ActiveCfg = Release|x64
		{173A19BD-BE1E-484E-952E-59E70706499E}.Release|x64.Build.0 = Release|x64
		{173A19BD-BE1E-484E-952E-59E70706499E}.Release|x86.ActiveCfg = Release|Win32
		{173A19BD-BE1E-484E-952E-59E70706499E}.Release|x86.Build.0 = Release|Win32
		{AE1B1724-B3F8-4412-AA03-CD3D59DAE5FC}.Debug|x64.ActiveCfg = Debug|x64
		{AE1B1724-B3F8-4412-AA03-CD3D59DAE5FC}.Debug|x64.Build.0 = Debug|x64
		{AE1B1724-B3F8-4412-AA03-CD3D59DAE5FC}.Debug|x86.ActiveCfg = Debug|Win32
		{AE1B1724-B3F8-4412-AA03-CD3D59DAE5FC}.Debug|x86.Build.0 = Debug|Win32
		{AE1B1724-B3F8-4412-AA03-CD3D59DAE5FC}.Release|x64.ActiveCfg = Release|x64
		{AE1B1724-B3F8-4412-AA03-CD3D59DAE5FC}.Release|x64.Build.0 = Release|x64
		{AE1B1724-B3F8-4412-AA03-CD3D59DAE5FC}.Release|x86.ActiveCfg = Release|Win32
		{AE1B1724-B3F8-4412-AA03-CD3D59DAE5FC}.Release|x86.Build.0 = Release|Win32
		{7A522C8C-F083-47AC-8468-B745BB676B4C}.Debug|x64.ActiveCfg = Debug|x64
		{7A522C8C-F083-47AC-8468-B745BB676B4C}.Debug|x64.Build.0 = Debug|x64
		{7A522C8C-F083-47AC-8468-B745BB676B4C}.Debug|x86.ActiveCfg = Debug|Win32
		{7A522C8C-F083-47AC-8468-B745BB676B4C}.Debug|x86.Build.0 = Debug|Win32
		{7A522C8C-F083-47AC-8468-B745BB676B4C}.Release|x64.ActiveCfg = Release|x64
		{7A522C8C-F083-47AC-8468-B745BB676B4C}.Release|x64.Build.0 = Release|x64
		{7A522C8C-F083-47AC-8468-B745BB676B4C}.Release|x86.ActiveCfg = Release|Win32
		{7A522C8C-F083-47AC-8468-B745BB676B4C}.Release|x86.Build.0 = Release|Win32
		{DDB3187B-938D-3B4B-BDAE-B9575ADFA8AD}.Debug|x64.ActiveCfg = Debug|x64
		{DDB3187B-938D-3B4B-BDAE-B9575ADFA8AD}.Debug|x64.Build.0 = Debug|x64
		{DDB3187B-938D-3B4B-BDAE-B9575ADFA8AD}.Debug|x86.ActiveCfg = Debug|x64
		{DDB3187B-938D-3B4B-BDAE-B9575ADFA8AD}.Release|x64.ActiveCfg = Release|x64
		{DDB3187B-938D-3B4B-BDAE-B9575ADFA8AD}.Release|x64.Build.0 = Release|x64
		{DDB3187B-938D-3B4B-BDAE-B9575ADFA8AD}.Release|x86.ActiveCfg = Release|x64
		{13223714-0799-40DF-9DCF-AC8F5696F66E}.Debug|x64.ActiveCfg = Debug|x64
		{13223714-0799-40DF-9DCF-AC8F5696F66E}.Debug|x64.Build.0 = Debug|x64
		{13223714-0799-40DF-9DCF-AC8F5696F66E}.Debug|x86.ActiveCfg = Debug|Win32
		{13223714-0799-40DF-9DCF-AC8F5696F66E}.Debug|x86.Build.0 = Debug|Win32
		{13223714-0799-40DF-9DCF-AC8F5696F66E}.Release|x64.ActiveCfg = Release|x64
		{13223714-0799-40DF-9DCF-AC8F5696F66E}.Release|x64.Build.0 = Release|x64
		{13223714-0799-40DF-9DCF-AC8F5696F66E}.Release|x86.ActiveCfg = Release|Win32
		{13223714-0799-40DF-9DCF-AC8F5696F66E}.Release|x86.Build.0 = Release|Win32
		{079C9043-1EC1-4F1C-8238-DCA7716ED0FB}.Debug|x64.ActiveCfg = Debug|x64
		{079C9043-1EC1-4F1C-8238-DCA7716ED0FB}.Debug|x64.Build.0 = Debug|x64
		{079C9043-1EC1-4F1C-8238-DCA7716ED0FB}.Debug|x86.ActiveCfg = Debug|Win32
		{079C9043-1EC1-4F1C-8238-DCA7716ED0FB}.Debug|x86.Build.0 = Debug|Win32
		{079C9043-1EC1-4F1C-8238-DCA7716ED0FB}.Release|x64.ActiveCfg = Release|x64
		{079C9043-1EC1-4F1C-8238-DCA7716ED0FB}.Release|x64.Build.0 = Release|x64
		{079C9043-1EC1-4F1C-8238-DCA7716ED0FB}.Release|x86.ActiveCfg = Release|Win32
		{079C9043-1EC1-4F1C-8238-DCA7716ED0FB}.Release|x86.Build.0 = Release|Win32
		{D47309F6-A891-4CE2-92A3-571CAB1650D0}.Debug|x64.ActiveCfg = Debug|x64
		{D47309F6-A891-4CE2-92A3-571CAB1650D0}.Debug|x64.Build.0 = Debug|x64
		{D47309F6-A891-4CE2-92A3-571CAB1650D0}.Debug|x86.ActiveCfg = Debug|Win32
		{D47309F6-A891-4CE2-92A3-571CAB1650D0}.Debug|x86.Build.0 = Debug|Win32
		{D47309F6-A891-4CE2-92A3-571CAB1650D0}.Release|x64.ActiveCfg = Release|x64
		{D47309F6-A891-4CE2-92A3-571CAB1650D0}.Release|x64.Build.0 = Release|x64
		{D47309F6-A891-4CE2-92A3-571CAB1650D0}.Release|x86.ActiveCfg = Release|Win32
		{D47309F6-A891-4CE2-92A3-571CAB1650D0}.Release|x86.Build.0 = Release|Win32
		{AB41A9E9-B306-43CB-AABA-15761EF76660}.Debug|x64.ActiveCfg = Debug|x64
		{AB41A9E9-B306-43CB-AABA-15761EF76660}.Debug|x64.Build.0 = Debug|x64
		{AB41A9E9-B306-43CB-AABA-15761EF76660}.Debug|x86.ActiveCfg = Debug|Win32
		{AB41A9E9-B306-43CB-AABA-15761EF76660}.Debug|x86.Build.0 = Debug|Win32
		{AB41A9E9-B306-43CB-AABA-15761EF76660}.Release|x64.ActiveCfg = Release|x64
		{AB41A9E9-B306-43CB-AABA-15761EF76660}.Release|x64.Build.0 = Release|x64
		{AB41A9E9-B306-43CB-AABA-15761EF76660}.Release|x86.ActiveCfg = Release|Win32
		{AB41A9E9-B306-43CB-AABA-15761EF76660}.Release|x86.Build.0 = Release|Win32
	EndGlobalSection
	GlobalSection(SolutionProperties) = preSolution
		HideSolutionNode = FALSE
	EndGlobalSection
	GlobalSection(ExtensibilityGlobals) = postSolution
		SolutionGuid = {8F6157B2-68B1-4675-98CE-92698ED2B1D2}
	EndGlobalSection
EndGlobal
